
Microsoft Visual Studio Solution File, Format Version 12.00
# Visual Studio Version 17
VisualStudioVersion = 17.4.33213.308
MinimumVisualStudioVersion = 10.0.40219.1
Project("{FAE04EC0-301F-11D3-BF4B-00C04F79EFBC}") = "pobykvenn", "pobykvenn\pobykvenn.csproj", "{B00480B4-CFF4-4543-A80B-D8236E4B3A47}"
EndProject
Global
	GlobalSection(SolutionConfigurationPlatforms) = preSolution
		Debug|Any CPU = Debug|Any CPU
		Release|Any CPU = Release|Any CPU
	EndGlobalSection
	GlobalSection(ProjectConfigurationPlatforms) = postSolution
		{B00480B4-CFF4-4543-A80B-D8236E4B3A47}.Debug|Any CPU.ActiveCfg = Debug|Any CPU
		{B00480B4-CFF4-4543-A80B-D8236E4B3A47}.Debug|Any CPU.Build.0 = Debug|Any CPU
		{B00480B4-CFF4-4543-A80B-D8236E4B3A47}.Release|Any CPU.ActiveCfg = Release|Any CPU
		{B00480B4-CFF4-4543-A80B-D8236E4B3A47}.Release|Any CPU.Build.0 = Release|Any CPU
	EndGlobalSection
	GlobalSection(SolutionProperties) = preSolution
		HideSolutionNode = FALSE
	EndGlobalSection
	GlobalSection(ExtensibilityGlobals) = postSolution
		SolutionGuid = {55C71614-627D-478C-A1DC-642CA0DFB17D}
	EndGlobalSection
EndGlobal
